
Microsoft Visual Studio Solution File, Format Version 11.00
# Visual C++ Express 2010
Project("{8BC9CEB8-8B4A-11D0-8D11-00A0C91BC942}") = "fayman", "fayman\fayman.vcxproj", "{A361B94A-58D7-4555-B906-97BE6BF29FA6}"
EndProject
Global
	GlobalSection(SolutionConfigurationPlatforms) = preSolution
		Debug|Win32 = Debug|Win32
		Release|Win32 = Release|Win32
	EndGlobalSection
	GlobalSection(ProjectConfigurationPlatforms) = postSolution
		{A361B94A-58D7-4555-B906-97BE6BF29FA6}.Debug|Win32.ActiveCfg = Debug|Win32
		{A361B94A-58D7-4555-B906-97BE6BF29FA6}.Debug|Win32.Build.0 = Debug|Win32
		{A361B94A-58D7-4555-B906-97BE6BF29FA6}.Release|Win32.ActiveCfg = Release|Win32
		{A361B94A-58D7-4555-B906-97BE6BF29FA6}.Release|Win32.Build.0 = Release|Win32
	EndGlobalSection
	GlobalSection(SolutionProperties) = preSolution
		HideSolutionNode = FALSE
	EndGlobalSection
EndGlobal
